
Microsoft Visual Studio Solution File, Format Version 12.00
# Visual Studio 15
VisualStudioVersion = 15.0.26730.15
MinimumVisualStudioVersion = 10.0.40219.1
Project("{FAE04EC0-301F-11D3-BF4B-00C04F79EFBC}") = "GalaxyFarFarAway", "GalaxyFarFarAway\GalaxyFarFarAway.csproj", "{A9346501-CD6A-4604-9D97-99FCDC9B9AEF}"
EndProject
Project("{FAE04EC0-301F-11D3-BF4B-00C04F79EFBC}") = "TheReturnOfTheJedi", "TheReturnOfTheJedi\TheReturnOfTheJedi.csproj", "{C82FB56C-285B-4EAA-AEC9-1515C0571EF3}"
EndProject
Project("{FAE04EC0-301F-11D3-BF4B-00C04F79EFBC}") = "StarWarsDebuggerVisualizers", "StarWarsDebuggerVisualizers\StarWarsDebuggerVisualizers.csproj", "{282B3F89-31B6-4136-88F4-D5A233332271}"
EndProject
Global
	GlobalSection(SolutionConfigurationPlatforms) = preSolution
		Debug|Any CPU = Debug|Any CPU
		Release|Any CPU = Release|Any CPU
	EndGlobalSection
	GlobalSection(ProjectConfigurationPlatforms) = postSolution
		{A9346501-CD6A-4604-9D97-99FCDC9B9AEF}.Debug|Any CPU.ActiveCfg = Debug|Any CPU
		{A9346501-CD6A-4604-9D97-99FCDC9B9AEF}.Debug|Any CPU.Build.0 = Debug|Any CPU
		{A9346501-CD6A-4604-9D97-99FCDC9B9AEF}.Release|Any CPU.ActiveCfg = Release|Any CPU
		{A9346501-CD6A-4604-9D97-99FCDC9B9AEF}.Release|Any CPU.Build.0 = Release|Any CPU
		{C82FB56C-285B-4EAA-AEC9-1515C0571EF3}.Debug|Any CPU.ActiveCfg = Debug|Any CPU
		{C82FB56C-285B-4EAA-AEC9-1515C0571EF3}.Debug|Any CPU.Build.0 = Debug|Any CPU
		{C82FB56C-285B-4EAA-AEC9-1515C0571EF3}.Release|Any CPU.ActiveCfg = Release|Any CPU
		{C82FB56C-285B-4EAA-AEC9-1515C0571EF3}.Release|Any CPU.Build.0 = Release|Any CPU
		{282B3F89-31B6-4136-88F4-D5A233332271}.Debug|Any CPU.ActiveCfg = Debug|Any CPU
		{282B3F89-31B6-4136-88F4-D5A233332271}.Debug|Any CPU.Build.0 = Debug|Any CPU
		{282B3F89-31B6-4136-88F4-D5A233332271}.Release|Any CPU.ActiveCfg = Release|Any CPU
		{282B3F89-31B6-4136-88F4-D5A233332271}.Release|Any CPU.Build.0 = Release|Any CPU
	EndGlobalSection
	GlobalSection(SolutionProperties) = preSolution
		HideSolutionNode = FALSE
	EndGlobalSection
	GlobalSection(ExtensibilityGlobals) = postSolution
		SolutionGuid = {D414AE73-9B57-4851-958F-38A13234416A}
	EndGlobalSection
EndGlobal
